
Microsoft Visual Studio Solution File, Format Version 12.00
# Visual Studio Version 16
VisualStudioVersion = 16.0.29709.97
MinimumVisualStudioVersion = 10.0.40219.1
Project("{FAE04EC0-301F-11D3-BF4B-00C04F79EFBC}") = "ModLoader", "ModLoader\ModLoader.csproj", "{A947DC7D-08BE-4D3A-8D81-D94DD376ECB8}"
EndProject
Project("{FAE04EC0-301F-11D3-BF4B-00C04F79EFBC}") = "ModLoaderTesting", "ModLoaderTesting\ModLoaderTesting.csproj", "{A5B6E9D9-31AA-48C4-976D-7F8D45ADB982}"
EndProject
Global
	GlobalSection(SolutionConfigurationPlatforms) = preSolution
		Release|Any CPU = Release|Any CPU
	EndGlobalSection
	GlobalSection(ProjectConfigurationPlatforms) = postSolution
		{A947DC7D-08BE-4D3A-8D81-D94DD376ECB8}.Release|Any CPU.ActiveCfg = Release|Any CPU
		{A947DC7D-08BE-4D3A-8D81-D94DD376ECB8}.Release|Any CPU.Build.0 = Release|Any CPU
		{A5B6E9D9-31AA-48C4-976D-7F8D45ADB982}.Release|Any CPU.ActiveCfg = Release|Any CPU
	EndGlobalSection
	GlobalSection(SolutionProperties) = preSolution
		HideSolutionNode = FALSE
	EndGlobalSection
	GlobalSection(ExtensibilityGlobals) = postSolution
		SolutionGuid = {876EE832-26A6-41EC-A767-303DCF72610D}
	EndGlobalSection
EndGlobal
